
Microsoft Visual Studio Solution File, Format Version 12.00
# Visual Studio Version 16
VisualStudioVersion = 16.0.31702.278
MinimumVisualStudioVersion = 10.0.40219.1
Project("{FAE04EC0-301F-11D3-BF4B-00C04F79EFBC}") = "SharpGL 3D Visualization", "SharpGL 3D Visualization.csproj", "{3E55C39B-CCA9-49FC-877B-ED52A552FA7D}"
EndProject
Global
	GlobalSection(SolutionConfigurationPlatforms) = preSolution
		Debug|Any CPU = Debug|Any CPU
		Release|Any CPU = Release|Any CPU
	EndGlobalSection
	GlobalSection(ProjectConfigurationPlatforms) = postSolution
		{3E55C39B-CCA9-49FC-877B-ED52A552FA7D}.Debug|Any CPU.ActiveCfg = Debug|Any CPU
		{3E55C39B-CCA9-49FC-877B-ED52A552FA7D}.Debug|Any CPU.Build.0 = Debug|Any CPU
		{3E55C39B-CCA9-49FC-877B-ED52A552FA7D}.Release|Any CPU.ActiveCfg = Release|Any CPU
		{3E55C39B-CCA9-49FC-877B-ED52A552FA7D}.Release|Any CPU.Build.0 = Release|Any CPU
	EndGlobalSection
	GlobalSection(SolutionProperties) = preSolution
		HideSolutionNode = FALSE
	EndGlobalSection
	GlobalSection(ExtensibilityGlobals) = postSolution
		SolutionGuid = {98648979-2EF7-490D-B278-66DA8C157750}
	EndGlobalSection
EndGlobal
